
Microsoft Visual Studio Solution File, Format Version 12.00
# Visual Studio Version 16
VisualStudioVersion = 16.0.31515.178
MinimumVisualStudioVersion = 10.0.40219.1
Project("{FAE04EC0-301F-11D3-BF4B-00C04F79EFBC}") = "Registro", "Registro\Registro.csproj", "{2D41F171-DFB4-4970-984C-80EC9048BCFF}"
EndProject
Global
	GlobalSection(SolutionConfigurationPlatforms) = preSolution
		Debug|Any CPU = Debug|Any CPU
		Release|Any CPU = Release|Any CPU
	EndGlobalSection
	GlobalSection(ProjectConfigurationPlatforms) = postSolution
		{2D41F171-DFB4-4970-984C-80EC9048BCFF}.Debug|Any CPU.ActiveCfg = Debug|Any CPU
		{2D41F171-DFB4-4970-984C-80EC9048BCFF}.Debug|Any CPU.Build.0 = Debug|Any CPU
		{2D41F171-DFB4-4970-984C-80EC9048BCFF}.Release|Any CPU.ActiveCfg = Release|Any CPU
		{2D41F171-DFB4-4970-984C-80EC9048BCFF}.Release|Any CPU.Build.0 = Release|Any CPU
	EndGlobalSection
	GlobalSection(SolutionProperties) = preSolution
		HideSolutionNode = FALSE
	EndGlobalSection
	GlobalSection(ExtensibilityGlobals) = postSolution
		SolutionGuid = {15A8B19C-F274-4C03-8AE4-20D9684861C5}
	EndGlobalSection
EndGlobal
